
Microsoft Visual Studio Solution File, Format Version 12.00
# Visual Studio Version 17
VisualStudioVersion = 17.0.31903.59
MinimumVisualStudioVersion = 10.0.40219.1
Project("{FAE04EC0-301F-11D3-BF4B-00C04F79EFBC}") = "miniräknarewpf", "miniräknarewpf\miniräknarewpf.csproj", "{463DE6AE-8703-4F60-8728-CABFC37CAFD9}"
EndProject
Global
	GlobalSection(SolutionConfigurationPlatforms) = preSolution
		Debug|Any CPU = Debug|Any CPU
		Release|Any CPU = Release|Any CPU
	EndGlobalSection
	GlobalSection(ProjectConfigurationPlatforms) = postSolution
		{463DE6AE-8703-4F60-8728-CABFC37CAFD9}.Debug|Any CPU.ActiveCfg = Debug|Any CPU
		{463DE6AE-8703-4F60-8728-CABFC37CAFD9}.Debug|Any CPU.Build.0 = Debug|Any CPU
		{463DE6AE-8703-4F60-8728-CABFC37CAFD9}.Release|Any CPU.ActiveCfg = Release|Any CPU
		{463DE6AE-8703-4F60-8728-CABFC37CAFD9}.Release|Any CPU.Build.0 = Release|Any CPU
	EndGlobalSection
	GlobalSection(SolutionProperties) = preSolution
		HideSolutionNode = FALSE
	EndGlobalSection
	GlobalSection(ExtensibilityGlobals) = postSolution
		SolutionGuid = {15F12719-BA60-4637-89CE-2CA12DC92C92}
	EndGlobalSection
EndGlobal
